
Microsoft Visual Studio Solution File, Format Version 12.00
# Visual Studio 15
VisualStudioVersion = 15.0.28307.421
MinimumVisualStudioVersion = 10.0.40219.1
Project("{FAE04EC0-301F-11D3-BF4B-00C04F79EFBC}") = "HerbalTransportCS", "HerbalTransportCS\HerbalTransportCS.csproj", "{5535E373-657B-47D6-B534-BB64C9710F6B}"
EndProject
Project("{FAE04EC0-301F-11D3-BF4B-00C04F79EFBC}") = "CommonEntitiesUtil", "..\HerbalCommonEntitiesCS\CommonEntitiesUtil\CommonEntitiesUtil.csproj", "{A9D65554-0000-0000-0000-000000000000}"
EndProject
Global
	GlobalSection(SolutionConfigurationPlatforms) = preSolution
		Debug|Any CPU = Debug|Any CPU
		Release|Any CPU = Release|Any CPU
	EndGlobalSection
	GlobalSection(ProjectConfigurationPlatforms) = postSolution
		{5535E373-657B-47D6-B534-BB64C9710F6B}.Debug|Any CPU.ActiveCfg = Debug|Any CPU
		{5535E373-657B-47D6-B534-BB64C9710F6B}.Debug|Any CPU.Build.0 = Debug|Any CPU
		{5535E373-657B-47D6-B534-BB64C9710F6B}.Release|Any CPU.ActiveCfg = Release|Any CPU
		{5535E373-657B-47D6-B534-BB64C9710F6B}.Release|Any CPU.Build.0 = Release|Any CPU
		{A9D65554-0000-0000-0000-000000000000}.Debug|Any CPU.ActiveCfg = Debug|Any CPU
		{A9D65554-0000-0000-0000-000000000000}.Debug|Any CPU.Build.0 = Debug|Any CPU
		{A9D65554-0000-0000-0000-000000000000}.Release|Any CPU.ActiveCfg = Release|Any CPU
		{A9D65554-0000-0000-0000-000000000000}.Release|Any CPU.Build.0 = Release|Any CPU
	EndGlobalSection
	GlobalSection(SolutionProperties) = preSolution
		HideSolutionNode = FALSE
	EndGlobalSection
	GlobalSection(ExtensibilityGlobals) = postSolution
		SolutionGuid = {99777749-9A72-4895-9215-BB0C0CF808E4}
	EndGlobalSection
EndGlobal
